
Microsoft Visual Studio Solution File, Format Version 12.00
# Visual Studio Version 16
VisualStudioVersion = 16.0.29911.84
MinimumVisualStudioVersion = 10.0.40219.1
Project("{FAE04EC0-301F-11D3-BF4B-00C04F79EFBC}") = "WpfGMap", "WpfGMap\WpfGMap.csproj", "{7E405F6A-34FB-4D62-9088-60D0F89B7C19}"
EndProject
Global
	GlobalSection(SolutionConfigurationPlatforms) = preSolution
		Debug|Any CPU = Debug|Any CPU
		Debug|x64 = Debug|x64
		Release|Any CPU = Release|Any CPU
		Release|x64 = Release|x64
	EndGlobalSection
	GlobalSection(ProjectConfigurationPlatforms) = postSolution
		{7E405F6A-34FB-4D62-9088-60D0F89B7C19}.Debug|Any CPU.ActiveCfg = Debug|Any CPU
		{7E405F6A-34FB-4D62-9088-60D0F89B7C19}.Debug|Any CPU.Build.0 = Debug|Any CPU
		{7E405F6A-34FB-4D62-9088-60D0F89B7C19}.Debug|x64.ActiveCfg = Debug|x64
		{7E405F6A-34FB-4D62-9088-60D0F89B7C19}.Debug|x64.Build.0 = Debug|x64
		{7E405F6A-34FB-4D62-9088-60D0F89B7C19}.Release|Any CPU.ActiveCfg = Release|Any CPU
		{7E405F6A-34FB-4D62-9088-60D0F89B7C19}.Release|Any CPU.Build.0 = Release|Any CPU
		{7E405F6A-34FB-4D62-9088-60D0F89B7C19}.Release|x64.ActiveCfg = Release|x64
		{7E405F6A-34FB-4D62-9088-60D0F89B7C19}.Release|x64.Build.0 = Release|x64
	EndGlobalSection
	GlobalSection(SolutionProperties) = preSolution
		HideSolutionNode = FALSE
	EndGlobalSection
	GlobalSection(ExtensibilityGlobals) = postSolution
		SolutionGuid = {D0C7D8FB-5B70-428B-BB51-592F1E980884}
	EndGlobalSection
EndGlobal
